// !$*UTF8*$!
{
	archiveVersion = 1;
	classes = {
	};
	objectVersion = 46;
	objects = {

/* Begin PBXBuildFile section */
		DD20BB3A1B2ABD8900FF680A /* main.m in Sources */ = {isa = PBXBuildFile; fileRef = DD20BB391B2ABD8900FF680A /* main.m */; };
		DD20BB3D1B2ABD8900FF680A /* AppDelegate.m in Sources */ = {isa = PBXBuildFile; fileRef = DD20BB3C1B2ABD8900FF680A /* AppDelegate.m */; };
		DD20BB401B2ABD8900FF680A /* ViewController.m in Sources */ = {isa = PBXBuildFile; fileRef = DD20BB3F1B2ABD8900FF680A /* ViewController.m */; };
		DD20BB431B2ABD8900FF680A /* Main.storyboard in Resources */ = {isa = PBXBuildFile; fileRef = DD20BB411B2ABD8900FF680A /* Main.storyboard */; };
		DD20BB451B2ABD8900FF680A /* Images.xcassets in Resources */ = {isa = PBXBuildFile; fileRef = DD20BB441B2ABD8900FF680A /* Images.xcassets */; };
		DD20BB481B2ABD8900FF680A /* LaunchScreen.xib in Resources */ = {isa = PBXBuildFile; fileRef = DD20BB461B2ABD8900FF680A /* LaunchScreen.xib */; };
		DD20BB541B2ABD8900FF680A /* QQTests.m in Sources */ = {isa = PBXBuildFile; fileRef = DD20BB531B2ABD8900FF680A /* QQTests.m */; };
/* End PBXBuildFile section */

/* Begin PBXContainerItemProxy section */
		DD20BB4E1B2ABD8900FF680A /* PBXContainerItemProxy */ = {
			isa = PBXContainerItemProxy;
			containerPortal = DD20BB2C1B2ABD8900FF680A /* Project object */;
			proxyType = 1;
			remoteGlobalIDString = DD20BB331B2ABD8900FF680A;
			remoteInfo = QQ;
		};
/* End PBXContainerItemProxy section */

/* Begin PBXFileReference section */
		DD20BB341B2ABD8900FF680A /* QQ.app */ = {isa = PBXFileReference; explicitFileType = wrapper.application; includeInIndex = 0; path = QQ.app; sourceTree = BUILT_PRODUCTS_DIR; };
		DD20BB381B2ABD8900FF680A /* Info.plist */ = {isa = PBXFileReference; lastKnownFileType = text.plist.xml; path = Info.plist; sourceTree = "<group>"; };
		DD20BB391B2ABD8900FF680A /* main.m */ = {isa = PBXFileReference; lastKnownFileType = sourcecode.c.objc; path = main.m; sourceTree = "<group>"; };
		DD20BB3B1B2ABD8900FF680A /* AppDelegate.h */ = {isa = PBXFileReference; lastKnownFileType = sourcecode.c.h; path = AppDelegate.h; sourceTree = "<group>"; };
		DD20BB3C1B2ABD8900FF680A /* AppDelegate.m */ = {isa = PBXFileReference; lastKnownFileType = sourcecode.c.objc; path = AppDelegate.m; sourceTree = "<group>"; };
		DD20BB3E1B2ABD8900FF680A /* ViewController.h */ = {isa = PBXFileReference; lastKnownFileType = sourcecode.c.h; path = ViewController.h; sourceTree = "<group>"; };
		DD20BB3F1B2ABD8900FF680A /* ViewController.m */ = {isa = PBXFileReference; lastKnownFileType = sourcecode.c.objc; path = ViewController.m; sourceTree = "<group>"; };
		DD20BB421B2ABD8900FF680A /* Base */ = {isa = PBXFileReference; lastKnownFileType = file.storyboard; name = Base; path = Base.lproj/Main.storyboard; sourceTree = "<group>"; };
		DD20BB441B2ABD8900FF680A /* Images.xcassets */ = {isa = PBXFileReference; lastKnownFileType = folder.assetcatalog; path = Images.xcassets; sourceTree = "<group>"; };
		DD20BB471B2ABD8900FF680A /* Base */ = {isa = PBXFileReference; lastKnownFileType = file.xib; name = Base; path = Base.lproj/LaunchScreen.xib; sourceTree = "<group>"; };
		DD20BB4D1B2ABD8900FF680A /* QQTests.xctest */ = {isa = PBXFileReference; explicitFileType = wrapper.cfbundle; includeInIndex = 0; path = QQTests.xctest; sourceTree = BUILT_PRODUCTS_DIR; };
		DD20BB521B2ABD8900FF680A /* Info.plist */ = {isa = PBXFileReference; lastKnownFileType = text.plist.xml; path = Info.plist; sourceTree = "<group>"; };
		DD20BB531B2ABD8900FF680A /* QQTests.m */ = {isa = PBXFileReference; lastKnownFileType = sourcecode.c.objc; path = QQTests.m; sourceTree = "<group>"; };
/* End PBXFileReference section */

/* Begin PBXFrameworksBuildPhase section */
		DD20BB311B2ABD8900FF680A /* Frameworks */ = {
			isa = PBXFrameworksBuildPhase;
			buildActionMask = 2147483647;
			files = (
			);
			runOnlyForDeploymentPostprocessing = 0;
		};
		DD20BB4A1B2ABD8900FF680A /* Frameworks */ = {
			isa = PBXFrameworksBuildPhase;
			buildActionMask = 2147483647;
			files = (
			);
			runOnlyForDeploymentPostprocessing = 0;
		};
/* End PBXFrameworksBuildPhase section */

/* Begin PBXGroup section */
		DD20BB2B1B2ABD8900FF680A = {
			isa = PBXGroup;
			children = (
				DD20BB361B2ABD8900FF680A /* QQ */,
				DD20BB501B2ABD8900FF680A /* QQTests */,
				DD20BB351B2ABD8900FF680A /* Products */,
			);
			sourceTree = "<group>";
		};
		DD20BB351B2ABD8900FF680A /* Products */ = {
			isa = PBXGroup;
			children = (
				DD20BB341B2ABD8900FF680A /* QQ.app */,
				DD20BB4D1B2ABD8900FF680A /* QQTests.xctest */,
			);
			name = Products;
			sourceTree = "<group>";
		};
		DD20BB361B2ABD8900FF680A /* QQ */ = {
			isa = PBXGroup;
			children = (
				DD20BB3B1B2ABD8900FF680A /* AppDelegate.h */,
				DD20BB3C1B2ABD8900FF680A /* AppDelegate.m */,
				DD20BB3E1B2ABD8900FF680A /* ViewController.h */,
				DD20BB3F1B2ABD8900FF680A /* ViewController.m */,
				DD20BB411B2ABD8900FF680A /* Main.storyboard */,
				DD20BB441B2ABD8900FF680A /* Images.xcassets */,
				DD20BB461B2ABD8900FF680A /* LaunchScreen.xib */,
				DD20BB371B2ABD8900FF680A /* Supporting Files */,
			);
			path = QQ;
			sourceTree = "<group>";
		};
		DD20BB371B2ABD8900FF680A /* Supporting Files */ = {
			isa = PBXGroup;
			children = (
				DD20BB381B2ABD8900FF680A /* Info.plist */,
				DD20BB391B2ABD8900FF680A /* main.m */,
			);
			name = "Supporting Files";
			sourceTree = "<group>";
		};
		DD20BB501B2ABD8900FF680A /* QQTests */ = {
			isa = PBXGroup;
			children = (
				DD20BB531B2ABD8900FF680A /* QQTests.m */,
				DD20BB511B2ABD8900FF680A /* Supporting Files */,
			);
			path = QQTests;
			sourceTree = "<group>";
		};
		DD20BB511B2ABD8900FF680A /* Supporting Files */ = {
			isa = PBXGroup;
			children = (
				DD20BB521B2ABD8900FF680A /* Info.plist */,
			);
			name = "Supporting Files";
			sourceTree = "<group>";
		};
/* End PBXGroup section */

/* Begin PBXNativeTarget section */
		DD20BB331B2ABD8900FF680A /* QQ */ = {
			isa = PBXNativeTarget;
			buildConfigurationList = DD20BB571B2ABD8900FF680A /* Build configuration list for PBXNativeTarget "QQ" */;
			buildPhases = (
				DD20BB301B2ABD8900FF680A /* Sources */,
				DD20BB311B2ABD8900FF680A /* Frameworks */,
				DD20BB321B2ABD8900FF680A /* Resources */,
			);
			buildRules = (
			);
			dependencies = (
			);
			name = QQ;
			productName = QQ;
			productReference = DD20BB341B2ABD8900FF680A /* QQ.app */;
			productType = "com.apple.product-type.application";
		};
		DD20BB4C1B2ABD8900FF680A /* QQTests */ = {
			isa = PBXNativeTarget;
			buildConfigurationList = DD20BB5A1B2ABD8900FF680A /* Build configuration list for PBXNativeTarget "QQTests" */;
			buildPhases = (
				DD20BB491B2ABD8900FF680A /* Sources */,
				DD20BB4A1B2ABD8900FF680A /* Frameworks */,
				DD20BB4B1B2ABD8900FF680A /* Resources */,
			);
			buildRules = (
			);
			dependencies = (
				DD20BB4F1B2ABD8900FF680A /* PBXTargetDependency */,
			);
			name = QQTests;
			productName = QQTests;
			productReference = DD20BB4D1B2ABD8900FF680A /* QQTests.xctest */;
			productType = "com.apple.product-type.bundle.unit-test";
		};
/* End PBXNativeTarget section */

/* Begin PBXProject section */
		DD20BB2C1B2ABD8900FF680A /* Project object */ = {
			isa = PBXProject;
			attributes = {
				LastUpgradeCheck = 0630;
				ORGANIZATIONNAME = "Hugo Chen";
				TargetAttributes = {
					DD20BB331B2ABD8900FF680A = {
						CreatedOnToolsVersion = 6.3.2;
					};
					DD20BB4C1B2ABD8900FF680A = {
						CreatedOnToolsVersion = 6.3.2;
						TestTargetID = DD20BB331B2ABD8900FF680A;
					};
				};
			};
			buildConfigurationList = DD20BB2F1B2ABD8900FF680A /* Build configuration list for PBXProject "QQ" */;
			compatibilityVersion = "Xcode 3.2";
			developmentRegion = English;
			hasScannedForEncodings = 0;
			knownRegions = (
				en,
				Base,
			);
			mainGroup = DD20BB2B1B2ABD8900FF680A;
			productRefGroup = DD20BB351B2ABD8900FF680A /* Products */;
			projectDirPath = "";
			projectRoot = "";
			targets = (
				DD20BB331B2ABD8900FF680A /* QQ */,
				DD20BB4C1B2ABD8900FF680A /* QQTests */,
			);
		};
/* End PBXProject section */

/* Begin PBXResourcesBuildPhase section */
		DD20BB321B2ABD8900FF680A /* Resources */ = {
			isa = PBXResourcesBuildPhase;
			buildActionMask = 2147483647;
			files = (
				DD20BB431B2ABD8900FF680A /* Main.storyboard in Resources */,
				DD20BB481B2ABD8900FF680A /* LaunchScreen.xib in Resources */,
				DD20BB451B2ABD8900FF680A /* Images.xcassets in Resources */,
			);
			runOnlyForDeploymentPostprocessing = 0;
		};
		DD20BB4B1B2ABD8900FF680A /* Resources */ = {
			isa = PBXResourcesBuildPhase;
			buildActionMask = 2147483647;
			files = (
			);
			runOnlyForDeploymentPostprocessing = 0;
		};
/* End PBXResourcesBuildPhase section */

/* Begin PBXSourcesBuildPhase section */
		DD20BB301B2ABD8900FF680A /* Sources */ = {
			isa = PBXSourcesBuildPhase;
			buildActionMask = 2147483647;
			files = (
				DD20BB401B2ABD8900FF680A /* ViewController.m in Sources */,
				DD20BB3D1B2ABD8900FF680A /* AppDelegate.m in Sources */,
				DD20BB3A1B2ABD8900FF680A /* main.m in Sources */,
			);
			runOnlyForDeploymentPostprocessing = 0;
		};
		DD20BB491B2ABD8900FF680A /* Sources */ = {
			isa = PBXSourcesBuildPhase;
			buildActionMask = 2147483647;
			files = (
				DD20BB541B2ABD8900FF680A /* QQTests.m in Sources */,
			);
			runOnlyForDeploymentPostprocessing = 0;
		};
/* End PBXSourcesBuildPhase section */

/* Begin PBXTargetDependency section */
		DD20BB4F1B2ABD8900FF680A /* PBXTargetDependency */ = {
			isa = PBXTargetDependency;
			target = DD20BB331B2ABD8900FF680A /* QQ */;
			targetProxy = DD20BB4E1B2ABD8900FF680A /* PBXContainerItemProxy */;
		};
/* End PBXTargetDependency section */

/* Begin PBXVariantGroup section */
		DD20BB411B2ABD8900FF680A /* Main.storyboard */ = {
			isa = PBXVariantGroup;
			children = (
				DD20BB421B2ABD8900FF680A /* Base */,
			);
			name = Main.storyboard;
			sourceTree = "<group>";
		};
		DD20BB461B2ABD8900FF680A /* LaunchScreen.xib */ = {
			isa = PBXVariantGroup;
			children = (
				DD20BB471B2ABD8900FF680A /* Base */,
			);
			name = LaunchScreen.xib;
			sourceTree = "<group>";
		};
/* End PBXVariantGroup section */

/* Begin XCBuildConfiguration section */
		DD20BB551B2ABD8900FF680A /* Debug */ = {
			isa = XCBuildConfiguration;
			buildSettings = {
				ALWAYS_SEARCH_USER_PATHS = NO;
				CLANG_CXX_LANGUAGE_STANDARD = "gnu++0x";
				CLANG_CXX_LIBRARY = "libc++";
				CLANG_ENABLE_MODULES = YES;
				CLANG_ENABLE_OBJC_ARC = YES;
				CLANG_WARN_BOOL_CONVERSION = YES;
				CLANG_WARN_CONSTANT_CONVERSION = YES;
				CLANG_WARN_DIRECT_OBJC_ISA_USAGE = YES_ERROR;
				CLANG_WARN_EMPTY_BODY = YES;
				CLANG_WARN_ENUM_CONVERSION = YES;
				CLANG_WARN_INT_CONVERSION = YES;
				CLANG_WARN_OBJC_ROOT_CLASS = YES_ERROR;
				CLANG_WARN_UNREACHABLE_CODE = YES;
				CLANG_WARN__DUPLICATE_METHOD_MATCH = YES;
				"CODE_SIGN_IDENTITY[sdk=iphoneos*]" = "iPhone Developer";
				COPY_PHASE_STRIP = NO;
				DEBUG_INFORMATION_FORMAT = "dwarf-with-dsym";
				ENABLE_STRICT_OBJC_MSGSEND = YES;
				GCC_C_LANGUAGE_STANDARD = gnu99;
				GCC_DYNAMIC_NO_PIC = NO;
				GCC_NO_COMMON_BLOCKS = YES;
				GCC_OPTIMIZATION_LEVEL = 0;
				GCC_PREPROCESSOR_DEFINITIONS = (
					"DEBUG=1",
					"$(inherited)",
				);
				GCC_SYMBOLS_PRIVATE_EXTERN = NO;
				GCC_WARN_64_TO_32_BIT_CONVERSION = YES;
				GCC_WARN_ABOUT_RETURN_TYPE = YES_ERROR;
				GCC_WARN_UNDECLARED_SELECTOR = YES;
				GCC_WARN_UNINITIALIZED_AUTOS = YES_AGGRESSIVE;
				GCC_WARN_UNUSED_FUNCTION = YES;
				GCC_WARN_UNUSED_VARIABLE = YES;
				IPHONEOS_DEPLOYMENT_TARGET = 8.3;
				MTL_ENABLE_DEBUG_INFO = YES;
				ONLY_ACTIVE_ARCH = YES;
				SDKROOT = iphoneos;
				TARGETED_DEVICE_FAMILY = "1,2";
			};
			name = Debug;
		};
		DD20BB561B2ABD8900FF680A /* Release */ = {
			isa = XCBuildConfiguration;
			buildSettings = {
				ALWAYS_SEARCH_USER_PATHS = NO;
				CLANG_CXX_LANGUAGE_STANDARD = "gnu++0x";
				CLANG_CXX_LIBRARY = "libc++";
				CLANG_ENABLE_MODULES = YES;
				CLANG_ENABLE_OBJC_ARC = YES;
				CLANG_WARN_BOOL_CONVERSION = YES;
				CLANG_WARN_CONSTANT_CONVERSION = YES;
				CLANG_WARN_DIRECT_OBJC_ISA_USAGE = YES_ERROR;
				CLANG_WARN_EMPTY_BODY = YES;
				CLANG_WARN_ENUM_CONVERSION = YES;
				CLANG_WARN_INT_CONVERSION = YES;
				CLANG_WARN_OBJC_ROOT_CLASS = YES_ERROR;
				CLANG_WARN_UNREACHABLE_CODE = YES;
				CLANG_WARN__DUPLICATE_METHOD_MATCH = YES;
				"CODE_SIGN_IDENTITY[sdk=iphoneos*]" = "iPhone Developer";
				COPY_PHASE_STRIP = NO;
				DEBUG_INFORMATION_FORMAT = "dwarf-with-dsym";
				ENABLE_NS_ASSERTIONS = NO;
				ENABLE_STRICT_OBJC_MSGSEND = YES;
				GCC_C_LANGUAGE_STANDARD = gnu99;
				GCC_NO_COMMON_BLOCKS = YES;
				GCC_WARN_64_TO_32_BIT_CONVERSION = YES;
				GCC_WARN_ABOUT_RETURN_TYPE = YES_ERROR;
				GCC_WARN_UNDECLARED_SELECTOR = YES;
				GCC_WARN_UNINITIALIZED_AUTOS = YES_AGGRESSIVE;
				GCC_WARN_UNUSED_FUNCTION = YES;
				GCC_WARN_UNUSED_VARIABLE = YES;
				IPHONEOS_DEPLOYMENT_TARGET = 8.3;
				MTL_ENABLE_DEBUG_INFO = NO;
				SDKROOT = iphoneos;
				TARGETED_DEVICE_FAMILY = "1,2";
				VALIDATE_PRODUCT = YES;
			};
			name = Release;
		};
		DD20BB581B2ABD8900FF680A /* Debug */ = {
			isa = XCBuildConfiguration;
			buildSettings = {
				ASSETCATALOG_COMPILER_APPICON_NAME = AppIcon;
				INFOPLIST_FILE = QQ/Info.plist;
				LD_RUNPATH_SEARCH_PATHS = "$(inherited) @executable_path/Frameworks";
				PRODUCT_NAME = "$(TARGET_NAME)";
			};
			name = Debug;
		};
		DD20BB591B2ABD8900FF680A /* Release */ = {
			isa = XCBuildConfiguration;
			buildSettings = {
				ASSETCATALOG_COMPILER_APPICON_NAME = AppIcon;
				INFOPLIST_FILE = QQ/Info.plist;
				LD_RUNPATH_SEARCH_PATHS = "$(inherited) @executable_path/Frameworks";
				PRODUCT_NAME = "$(TARGET_NAME)";
			};
			name = Release;
		};
		DD20BB5B1B2ABD8900FF680A /* Debug */ = {
			isa = XCBuildConfiguration;
			buildSettings = {
				BUNDLE_LOADER = "$(TEST_HOST)";
				FRAMEWORK_SEARCH_PATHS = (
					"$(SDKROOT)/Developer/Library/Frameworks",
					"$(inherited)",
				);
				GCC_PREPROCESSOR_DEFINITIONS = (
					"DEBUG=1",
					"$(inherited)",
				);
				INFOPLIST_FILE = QQTests/Info.plist;
				LD_RUNPATH_SEARCH_PATHS = "$(inherited) @executable_path/Frameworks @loader_path/Frameworks";
				PRODUCT_NAME = "$(TARGET_NAME)";
				TEST_HOST = "$(BUILT_PRODUCTS_DIR)/QQ.app/QQ";
			};
			name = Debug;
		};
		DD20BB5C1B2ABD8900FF680A /* Release */ = {
			isa = XCBuildConfiguration;
			buildSettings = {
				BUNDLE_LOADER = "$(TEST_HOST)";
				FRAMEWORK_SEARCH_PATHS = (
					"$(SDKROOT)/Developer/Library/Frameworks",
					"$(inherited)",
				);
				INFOPLIST_FILE = QQTests/Info.plist;
				LD_RUNPATH_SEARCH_PATHS = "$(inherited) @executable_path/Frameworks @loader_path/Frameworks";
				PRODUCT_NAME = "$(TARGET_NAME)";
				TEST_HOST = "$(BUILT_PRODUCTS_DIR)/QQ.app/QQ";
			};
			name = Release;
		};
/* End XCBuildConfiguration section */

/* Begin XCConfigurationList section */
		DD20BB2F1B2ABD8900FF680A /* Build configuration list for PBXProject "QQ" */ = {
			isa = XCConfigurationList;
			buildConfigurations = (
				DD20BB551B2ABD8900FF680A /* Debug */,
				DD20BB561B2ABD8900FF680A /* Release */,
			);
			defaultConfigurationIsVisible = 0;
			defaultConfigurationName = Release;
		};
		DD20BB571B2ABD8900FF680A /* Build configuration list for PBXNativeTarget "QQ" */ = {
			isa = XCConfigurationList;
			buildConfigurations = (
				DD20BB581B2ABD8900FF680A /* Debug */,
				DD20BB591B2ABD8900FF680A /* Release */,
			);
			defaultConfigurationIsVisible = 0;
		};
		DD20BB5A1B2ABD8900FF680A /* Build configuration list for PBXNativeTarget "QQTests" */ = {
			isa = XCConfigurationList;
			buildConfigurations = (
				DD20BB5B1B2ABD8900FF680A /* Debug */,
				DD20BB5C1B2ABD8900FF680A /* Release */,
			);
			defaultConfigurationIsVisible = 0;
		};
/* End XCConfigurationList section */
	};
	rootObject = DD20BB2C1B2ABD8900FF680A /* Project object */;
}
